
Microsoft Visual Studio Solution File, Format Version 12.00
# Visual Studio Version 17
VisualStudioVersion = 17.8.34525.116
MinimumVisualStudioVersion = 10.0.40219.1
Project("{FAE04EC0-301F-11D3-BF4B-00C04F79EFBC}") = "Functions", "Functions\Functions.csproj", "{A206E7E6-220F-4450-AF5D-10CE4904EE77}"
EndProject
Project("{FAE04EC0-301F-11D3-BF4B-00C04F79EFBC}") = "ArgumentsAndParameters", "ArgumentsAndParameters\ArgumentsAndParameters.csproj", "{AB508349-73F7-4156-801B-085318282F1E}"
EndProject
Project("{FAE04EC0-301F-11D3-BF4B-00C04F79EFBC}") = "Calculator", "Calculator\Calculator.csproj", "{43EA8725-8364-4DC3-83D0-2E8D143D2153}"
EndProject
Project("{FAE04EC0-301F-11D3-BF4B-00C04F79EFBC}") = "DiscountCalculator", "DiscountCalculator\DiscountCalculator.csproj", "{9A7E1126-D50F-4779-9D52-AD368AE0A3D5}"
EndProject
Global
	GlobalSection(SolutionConfigurationPlatforms) = preSolution
		Debug|Any CPU = Debug|Any CPU
		Release|Any CPU = Release|Any CPU
	EndGlobalSection
	GlobalSection(ProjectConfigurationPlatforms) = postSolution
		{A206E7E6-220F-4450-AF5D-10CE4904EE77}.Debug|Any CPU.ActiveCfg = Debug|Any CPU
		{A206E7E6-220F-4450-AF5D-10CE4904EE77}.Debug|Any CPU.Build.0 = Debug|Any CPU
		{A206E7E6-220F-4450-AF5D-10CE4904EE77}.Release|Any CPU.ActiveCfg = Release|Any CPU
		{A206E7E6-220F-4450-AF5D-10CE4904EE77}.Release|Any CPU.Build.0 = Release|Any CPU
		{AB508349-73F7-4156-801B-085318282F1E}.Debug|Any CPU.ActiveCfg = Debug|Any CPU
		{AB508349-73F7-4156-801B-085318282F1E}.Debug|Any CPU.Build.0 = Debug|Any CPU
		{AB508349-73F7-4156-801B-085318282F1E}.Release|Any CPU.ActiveCfg = Release|Any CPU
		{AB508349-73F7-4156-801B-085318282F1E}.Release|Any CPU.Build.0 = Release|Any CPU
		{43EA8725-8364-4DC3-83D0-2E8D143D2153}.Debug|Any CPU.ActiveCfg = Debug|Any CPU
		{43EA8725-8364-4DC3-83D0-2E8D143D2153}.Debug|Any CPU.Build.0 = Debug|Any CPU
		{43EA8725-8364-4DC3-83D0-2E8D143D2153}.Release|Any CPU.ActiveCfg = Release|Any CPU
		{43EA8725-8364-4DC3-83D0-2E8D143D2153}.Release|Any CPU.Build.0 = Release|Any CPU
		{9A7E1126-D50F-4779-9D52-AD368AE0A3D5}.Debug|Any CPU.ActiveCfg = Debug|Any CPU
		{9A7E1126-D50F-4779-9D52-AD368AE0A3D5}.Debug|Any CPU.Build.0 = Debug|Any CPU
		{9A7E1126-D50F-4779-9D52-AD368AE0A3D5}.Release|Any CPU.ActiveCfg = Release|Any CPU
		{9A7E1126-D50F-4779-9D52-AD368AE0A3D5}.Release|Any CPU.Build.0 = Release|Any CPU
	EndGlobalSection
	GlobalSection(SolutionProperties) = preSolution
		HideSolutionNode = FALSE
	EndGlobalSection
	GlobalSection(ExtensibilityGlobals) = postSolution
		SolutionGuid = {4EE15D8B-9939-47DE-897C-74A3DE3AA5C5}
	EndGlobalSection
EndGlobal
